
Microsoft Visual Studio Solution File, Format Version 12.00
# Visual Studio Version 17
VisualStudioVersion = 17.0.31903.59
MinimumVisualStudioVersion = 10.0.40219.1
Project("{FAE04EC0-301F-11D3-BF4B-00C04F79EFBC}") = "GroupByTimeInterval", "GroupByTimeInterval\GroupByTimeInterval.csproj", "{74212F23-B687-41B7-9608-2829013F96CE}"
EndProject
Global
	GlobalSection(SolutionConfigurationPlatforms) = preSolution
		Debug|Any CPU = Debug|Any CPU
		Release|Any CPU = Release|Any CPU
	EndGlobalSection
	GlobalSection(ProjectConfigurationPlatforms) = postSolution
		{74212F23-B687-41B7-9608-2829013F96CE}.Debug|Any CPU.ActiveCfg = Debug|Any CPU
		{74212F23-B687-41B7-9608-2829013F96CE}.Debug|Any CPU.Build.0 = Debug|Any CPU
		{74212F23-B687-41B7-9608-2829013F96CE}.Release|Any CPU.ActiveCfg = Release|Any CPU
		{74212F23-B687-41B7-9608-2829013F96CE}.Release|Any CPU.Build.0 = Release|Any CPU
	EndGlobalSection
	GlobalSection(SolutionProperties) = preSolution
		HideSolutionNode = FALSE
	EndGlobalSection
	GlobalSection(ExtensibilityGlobals) = postSolution
		SolutionGuid = {31D2D8DC-E5D0-4A76-B69D-47B625AAB787}
	EndGlobalSection
EndGlobal
